
Microsoft Visual Studio Solution File, Format Version 12.00
# Visual Studio Version 17
VisualStudioVersion = 17.1.32319.34
MinimumVisualStudioVersion = 10.0.40219.1
Project("{FAE04EC0-301F-11D3-BF4B-00C04F79EFBC}") = "Calculator", "Calculator\Calculator.csproj", "{648BF10C-E924-4008-85FF-3A20F803E8A7}"
EndProject
Project("{FAE04EC0-301F-11D3-BF4B-00C04F79EFBC}") = "TestCalculator", "TestCalculator\TestCalculator.csproj", "{DC49FD13-CF41-4C17-9446-FCE2121DDE3B}"
EndProject
Global
	GlobalSection(SolutionConfigurationPlatforms) = preSolution
		Debug|Any CPU = Debug|Any CPU
		Release|Any CPU = Release|Any CPU
	EndGlobalSection
	GlobalSection(ProjectConfigurationPlatforms) = postSolution
		{648BF10C-E924-4008-85FF-3A20F803E8A7}.Debug|Any CPU.ActiveCfg = Debug|Any CPU
		{648BF10C-E924-4008-85FF-3A20F803E8A7}.Debug|Any CPU.Build.0 = Debug|Any CPU
		{648BF10C-E924-4008-85FF-3A20F803E8A7}.Release|Any CPU.ActiveCfg = Release|Any CPU
		{648BF10C-E924-4008-85FF-3A20F803E8A7}.Release|Any CPU.Build.0 = Release|Any CPU
		{DC49FD13-CF41-4C17-9446-FCE2121DDE3B}.Debug|Any CPU.ActiveCfg = Debug|Any CPU
		{DC49FD13-CF41-4C17-9446-FCE2121DDE3B}.Debug|Any CPU.Build.0 = Debug|Any CPU
		{DC49FD13-CF41-4C17-9446-FCE2121DDE3B}.Release|Any CPU.ActiveCfg = Release|Any CPU
		{DC49FD13-CF41-4C17-9446-FCE2121DDE3B}.Release|Any CPU.Build.0 = Release|Any CPU
	EndGlobalSection
	GlobalSection(SolutionProperties) = preSolution
		HideSolutionNode = FALSE
	EndGlobalSection
	GlobalSection(ExtensibilityGlobals) = postSolution
		SolutionGuid = {22D9C892-77FE-429F-97A8-F10394C53D8C}
	EndGlobalSection
EndGlobal
