
Microsoft Visual Studio Solution File, Format Version 12.00
# Visual Studio Version 17
VisualStudioVersion = 17.1.32210.238
MinimumVisualStudioVersion = 10.0.40219.1
Project("{9A19103F-16F7-4668-BE54-9A1E7A4F7556}") = "Logic", "Logic\Logic.csproj", "{67D364AC-5429-46AD-BF49-8109C025C069}"
EndProject
Project("{9A19103F-16F7-4668-BE54-9A1E7A4F7556}") = "Data", "Data\Data.csproj", "{E96E7D77-F525-438A-AEB1-0FDB71C59BB9}"
EndProject
Project("{FAE04EC0-301F-11D3-BF4B-00C04F79EFBC}") = "Presentation", "Presentation\Presentation.csproj", "{120F3475-04A5-4F30-8DF4-7699966B9F39}"
	ProjectSection(ProjectDependencies) = postProject
		{67D364AC-5429-46AD-BF49-8109C025C069} = {67D364AC-5429-46AD-BF49-8109C025C069}
	EndProjectSection
EndProject
Global
	GlobalSection(SolutionConfigurationPlatforms) = preSolution
		Debug|Any CPU = Debug|Any CPU
		Release|Any CPU = Release|Any CPU
	EndGlobalSection
	GlobalSection(ProjectConfigurationPlatforms) = postSolution
		{67D364AC-5429-46AD-BF49-8109C025C069}.Debug|Any CPU.ActiveCfg = Debug|Any CPU
		{67D364AC-5429-46AD-BF49-8109C025C069}.Debug|Any CPU.Build.0 = Debug|Any CPU
		{67D364AC-5429-46AD-BF49-8109C025C069}.Release|Any CPU.ActiveCfg = Release|Any CPU
		{67D364AC-5429-46AD-BF49-8109C025C069}.Release|Any CPU.Build.0 = Release|Any CPU
		{E96E7D77-F525-438A-AEB1-0FDB71C59BB9}.Debug|Any CPU.ActiveCfg = Debug|Any CPU
		{E96E7D77-F525-438A-AEB1-0FDB71C59BB9}.Debug|Any CPU.Build.0 = Debug|Any CPU
		{E96E7D77-F525-438A-AEB1-0FDB71C59BB9}.Release|Any CPU.ActiveCfg = Release|Any CPU
		{E96E7D77-F525-438A-AEB1-0FDB71C59BB9}.Release|Any CPU.Build.0 = Release|Any CPU
		{120F3475-04A5-4F30-8DF4-7699966B9F39}.Debug|Any CPU.ActiveCfg = Debug|Any CPU
		{120F3475-04A5-4F30-8DF4-7699966B9F39}.Debug|Any CPU.Build.0 = Debug|Any CPU
		{120F3475-04A5-4F30-8DF4-7699966B9F39}.Release|Any CPU.ActiveCfg = Release|Any CPU
		{120F3475-04A5-4F30-8DF4-7699966B9F39}.Release|Any CPU.Build.0 = Release|Any CPU
	EndGlobalSection
	GlobalSection(SolutionProperties) = preSolution
		HideSolutionNode = FALSE
	EndGlobalSection
	GlobalSection(ExtensibilityGlobals) = postSolution
		SolutionGuid = {4A5B2920-1AF6-4BEE-9BD0-EDA99D827F66}
	EndGlobalSection
EndGlobal
