
Microsoft Visual Studio Solution File, Format Version 12.00
# Visual Studio Version 17
VisualStudioVersion = 17.1.32210.238
MinimumVisualStudioVersion = 10.0.40219.1
Project("{9A19103F-16F7-4668-BE54-9A1E7A4F7556}") = "Logic", "Logic\Logic.csproj", "{67D364AC-5429-46AD-BF49-8109C025C069}"
EndProject
Project("{9A19103F-16F7-4668-BE54-9A1E7A4F7556}") = "Data", "Data\Data.csproj", "{E96E7D77-F525-438A-AEB1-0FDB71C59BB9}"
EndProject
Project("{2150E333-8FDC-42A3-9474-1A3956D46DE8}") = "Presentation", "Presentation", "{EE92836D-9A93-4A0B-8958-80510FE31AD6}"
EndProject
Project("{FAE04EC0-301F-11D3-BF4B-00C04F79EFBC}") = "Model", "Model\Model.csproj", "{9A796141-8BB8-476B-84E7-40D585409763}"
EndProject
Project("{FAE04EC0-301F-11D3-BF4B-00C04F79EFBC}") = "ViewModel", "ViewModel\ViewModel.csproj", "{7E2CFD73-DB5E-466E-A2A4-B5657483C170}"
EndProject
Project("{FAE04EC0-301F-11D3-BF4B-00C04F79EFBC}") = "View", "View\View.csproj", "{16692E53-C3CB-46CD-838E-D3D44486860D}"
EndProject
Global
	GlobalSection(SolutionConfigurationPlatforms) = preSolution
		Debug|Any CPU = Debug|Any CPU
		Release|Any CPU = Release|Any CPU
	EndGlobalSection
	GlobalSection(ProjectConfigurationPlatforms) = postSolution
		{67D364AC-5429-46AD-BF49-8109C025C069}.Debug|Any CPU.ActiveCfg = Debug|Any CPU
		{67D364AC-5429-46AD-BF49-8109C025C069}.Debug|Any CPU.Build.0 = Debug|Any CPU
		{67D364AC-5429-46AD-BF49-8109C025C069}.Release|Any CPU.ActiveCfg = Release|Any CPU
		{67D364AC-5429-46AD-BF49-8109C025C069}.Release|Any CPU.Build.0 = Release|Any CPU
		{E96E7D77-F525-438A-AEB1-0FDB71C59BB9}.Debug|Any CPU.ActiveCfg = Debug|Any CPU
		{E96E7D77-F525-438A-AEB1-0FDB71C59BB9}.Debug|Any CPU.Build.0 = Debug|Any CPU
		{E96E7D77-F525-438A-AEB1-0FDB71C59BB9}.Release|Any CPU.ActiveCfg = Release|Any CPU
		{E96E7D77-F525-438A-AEB1-0FDB71C59BB9}.Release|Any CPU.Build.0 = Release|Any CPU
		{9A796141-8BB8-476B-84E7-40D585409763}.Debug|Any CPU.ActiveCfg = Debug|Any CPU
		{9A796141-8BB8-476B-84E7-40D585409763}.Debug|Any CPU.Build.0 = Debug|Any CPU
		{9A796141-8BB8-476B-84E7-40D585409763}.Release|Any CPU.ActiveCfg = Release|Any CPU
		{9A796141-8BB8-476B-84E7-40D585409763}.Release|Any CPU.Build.0 = Release|Any CPU
		{7E2CFD73-DB5E-466E-A2A4-B5657483C170}.Debug|Any CPU.ActiveCfg = Debug|Any CPU
		{7E2CFD73-DB5E-466E-A2A4-B5657483C170}.Debug|Any CPU.Build.0 = Debug|Any CPU
		{7E2CFD73-DB5E-466E-A2A4-B5657483C170}.Release|Any CPU.ActiveCfg = Release|Any CPU
		{7E2CFD73-DB5E-466E-A2A4-B5657483C170}.Release|Any CPU.Build.0 = Release|Any CPU
		{16692E53-C3CB-46CD-838E-D3D44486860D}.Debug|Any CPU.ActiveCfg = Debug|Any CPU
		{16692E53-C3CB-46CD-838E-D3D44486860D}.Debug|Any CPU.Build.0 = Debug|Any CPU
		{16692E53-C3CB-46CD-838E-D3D44486860D}.Release|Any CPU.ActiveCfg = Release|Any CPU
		{16692E53-C3CB-46CD-838E-D3D44486860D}.Release|Any CPU.Build.0 = Release|Any CPU
	EndGlobalSection
	GlobalSection(SolutionProperties) = preSolution
		HideSolutionNode = FALSE
	EndGlobalSection
	GlobalSection(NestedProjects) = preSolution
		{9A796141-8BB8-476B-84E7-40D585409763} = {EE92836D-9A93-4A0B-8958-80510FE31AD6}
		{7E2CFD73-DB5E-466E-A2A4-B5657483C170} = {EE92836D-9A93-4A0B-8958-80510FE31AD6}
		{16692E53-C3CB-46CD-838E-D3D44486860D} = {EE92836D-9A93-4A0B-8958-80510FE31AD6}
	EndGlobalSection
	GlobalSection(ExtensibilityGlobals) = postSolution
		SolutionGuid = {4A5B2920-1AF6-4BEE-9BD0-EDA99D827F66}
	EndGlobalSection
EndGlobal
